// !$*UTF8*$!
{
	archiveVersion = 1;
	classes = {
	};
	objectVersion = 77;
	objects = {

/* Begin PBXBuildFile section */
		6D0FBFBA2EBA255B004C4970 /* CustomerRegisterView.swift in Sources */ = {isa = PBXBuildFile; fileRef = 6D0FBFB92EBA255B004C4970 /* CustomerRegisterView.swift */; };
		6D37D1872EB63824003CE780 /* ChatRoomView.swift in Sources */ = {isa = PBXBuildFile; fileRef = 6D37D1862EB63824003CE780 /* ChatRoomView.swift */; };
		6D37D1892EB6384B003CE780 /* ChatRoomVM.swift in Sources */ = {isa = PBXBuildFile; fileRef = 6D37D1882EB6384B003CE780 /* ChatRoomVM.swift */; };
		6D37D1A02EB670D9003CE780 /* FirebaseAnalytics in Frameworks */ = {isa = PBXBuildFile; productRef = 6D37D19F2EB670D9003CE780 /* FirebaseAnalytics */; };
		6D37D1A82EB670D9003CE780 /* FirebaseStorage in Frameworks */ = {isa = PBXBuildFile; productRef = 6D37D1A72EB670D9003CE780 /* FirebaseStorage */; };
		6D37D1CA2EB74A5A003CE780 /* ProfileImageVM.swift in Sources */ = {isa = PBXBuildFile; fileRef = 6D37D1C92EB74A5A003CE780 /* ProfileImageVM.swift */; };
		6D37D1CC2EB75642003CE780 /* ImagePicker.swift in Sources */ = {isa = PBXBuildFile; fileRef = 6D37D1CB2EB75642003CE780 /* ImagePicker.swift */; };
		6D4AA9042EC5C26A004EEBBA /* PhotoCaptureDelegate.swift in Sources */ = {isa = PBXBuildFile; fileRef = 6D4AA9032EC5C26A004EEBBA /* PhotoCaptureDelegate.swift */; };
		6D4AA9062EC5C284004EEBBA /* PostureAnalysisFlowView.swift in Sources */ = {isa = PBXBuildFile; fileRef = 6D4AA9052EC5C284004EEBBA /* PostureAnalysisFlowView.swift */; };
		6D4AA9082EC5C4A8004EEBBA /* CameraPreview.swift in Sources */ = {isa = PBXBuildFile; fileRef = 6D4AA9072EC5C4A8004EEBBA /* CameraPreview.swift */; };
		6D7D65F92EC1B7B0003D1943 /* ExerciseExplainListView.swift in Sources */ = {isa = PBXBuildFile; fileRef = 6D7D65F82EC1B7B0003D1943 /* ExerciseExplainListView.swift */; };
		6D7D65FB2EC1B7C3003D1943 /* ExerciseExplainDetailView.swift in Sources */ = {isa = PBXBuildFile; fileRef = 6D7D65FA2EC1B7C3003D1943 /* ExerciseExplainDetailView.swift */; };
		6D7D65FD2EC1C244003D1943 /* VisitHistoryView.swift in Sources */ = {isa = PBXBuildFile; fileRef = 6D7D65FC2EC1C244003D1943 /* VisitHistoryView.swift */; };
		6D7D65FF2EC1E7E0003D1943 /* VisitHistoryItem.swift in Sources */ = {isa = PBXBuildFile; fileRef = 6D7D65FE2EC1E7E0003D1943 /* VisitHistoryItem.swift */; };
		6D7D66072EC33140003D1943 /* PostureAnalysisCameraView.swift in Sources */ = {isa = PBXBuildFile; fileRef = 6D7D66062EC33140003D1943 /* PostureAnalysisCameraView.swift */; };
		6D7D660B2EC345AD003D1943 /* PostureAnalyzer.swift in Sources */ = {isa = PBXBuildFile; fileRef = 6D7D660A2EC345AD003D1943 /* PostureAnalyzer.swift */; };
		6D7D660D2EC345C7003D1943 /* PostureResultView.swift in Sources */ = {isa = PBXBuildFile; fileRef = 6D7D660C2EC345C7003D1943 /* PostureResultView.swift */; };
		6D85E77C2EAA7C3300C36129 /* FirebaseAuth in Frameworks */ = {isa = PBXBuildFile; productRef = 6D85E77B2EAA7C3300C36129 /* FirebaseAuth */; };
		6D85E77E2EAA7C3300C36129 /* FirebaseCore in Frameworks */ = {isa = PBXBuildFile; productRef = 6D85E77D2EAA7C3300C36129 /* FirebaseCore */; };
		6D85E7802EAA7C3300C36129 /* FirebaseFirestore in Frameworks */ = {isa = PBXBuildFile; productRef = 6D85E77F2EAA7C3300C36129 /* FirebaseFirestore */; };
		6D87638D2EC77B4500BD89CA /* GlassButton.swift in Sources */ = {isa = PBXBuildFile; fileRef = 6D87638C2EC77B4500BD89CA /* GlassButton.swift */; };
		6D87638F2EC77B5300BD89CA /* CircleCountdown.swift in Sources */ = {isa = PBXBuildFile; fileRef = 6D87638E2EC77B5300BD89CA /* CircleCountdown.swift */; };
		6D8763912EC77B5D00BD89CA /* GuideStepCard.swift in Sources */ = {isa = PBXBuildFile; fileRef = 6D8763902EC77B5D00BD89CA /* GuideStepCard.swift */; };
		6D8763932EC77B7200BD89CA /* CameraGuideOverlay.swift in Sources */ = {isa = PBXBuildFile; fileRef = 6D8763922EC77B7200BD89CA /* CameraGuideOverlay.swift */; };
		6D8763952EC77FE800BD89CA /* ProgressRing.swift in Sources */ = {isa = PBXBuildFile; fileRef = 6D8763942EC77FE800BD89CA /* ProgressRing.swift */; };
		6D8763972EC7820200BD89CA /* ReportGenerator.swift in Sources */ = {isa = PBXBuildFile; fileRef = 6D8763962EC7820200BD89CA /* ReportGenerator.swift */; };
		6D8763992EC7837200BD89CA /* ReportData.swift in Sources */ = {isa = PBXBuildFile; fileRef = 6D8763982EC7837200BD89CA /* ReportData.swift */; };
		6D87639B2EC8753300BD89CA /* PostureCaptureConfirmView.swift in Sources */ = {isa = PBXBuildFile; fileRef = 6D87639A2EC8753300BD89CA /* PostureCaptureConfirmView.swift */; };
		6D8763A12EC8859A00BD89CA /* PostureCameraVM.swift in Sources */ = {isa = PBXBuildFile; fileRef = 6D8763A02EC8859A00BD89CA /* PostureCameraVM.swift */; };
		6D8763A32EC885A400BD89CA /* PostureFlowVM.swift in Sources */ = {isa = PBXBuildFile; fileRef = 6D8763A22EC885A400BD89CA /* PostureFlowVM.swift */; };
		6D8763A52EC88C5C00BD89CA /* PhotoCaptureHandler.swift in Sources */ = {isa = PBXBuildFile; fileRef = 6D8763A42EC88C5C00BD89CA /* PhotoCaptureHandler.swift */; };
		6D8763A92EC896F600BD89CA /* PostureCameraFlowView.swift in Sources */ = {isa = PBXBuildFile; fileRef = 6D8763A82EC896F600BD89CA /* PostureCameraFlowView.swift */; };
		6D8763AB2EC8D40100BD89CA /* PostureAnalysisEntryView.swift in Sources */ = {isa = PBXBuildFile; fileRef = 6D8763AA2EC8D40100BD89CA /* PostureAnalysisEntryView.swift */; };
		6D8763AE2EC8E73300BD89CA /* PostureCaptureGuideView.swift in Sources */ = {isa = PBXBuildFile; fileRef = 6D8763AD2EC8E73300BD89CA /* PostureCaptureGuideView.swift */; };
		6D8D8E252EF8F11A00AC15D6 /* ShareSheet.swift in Sources */ = {isa = PBXBuildFile; fileRef = 6D8D8E242EF8F11A00AC15D6 /* ShareSheet.swift */; };
		6D8D8E272EF8F14700AC15D6 /* PostureReportRenderView.swift in Sources */ = {isa = PBXBuildFile; fileRef = 6D8D8E262EF8F14700AC15D6 /* PostureReportRenderView.swift */; };
		6D8D8E2A2EF8F76700AC15D6 /* PhotoSaver.swift in Sources */ = {isa = PBXBuildFile; fileRef = 6D8D8E292EF8F76700AC15D6 /* PhotoSaver.swift */; };
		6D8D8E2C2EF8FC1A00AC15D6 /* FeatureFlags.swift in Sources */ = {isa = PBXBuildFile; fileRef = 6D8D8E2B2EF8FC1A00AC15D6 /* FeatureFlags.swift */; };
		6D8D8E2E2EF8FC3000AC15D6 /* ComingSoonOverlay.swift in Sources */ = {isa = PBXBuildFile; fileRef = 6D8D8E2D2EF8FC3000AC15D6 /* ComingSoonOverlay.swift */; };
		6D8D8E302EF979F100AC15D6 /* LegalVersions.swift in Sources */ = {isa = PBXBuildFile; fileRef = 6D8D8E2F2EF979F100AC15D6 /* LegalVersions.swift */; };
		6D8D8E322EF97A1200AC15D6 /* LegalAgreementView.swift in Sources */ = {isa = PBXBuildFile; fileRef = 6D8D8E312EF97A1200AC15D6 /* LegalAgreementView.swift */; };
		6D8D8E342EF97C3600AC15D6 /* LegalDocuments.swift in Sources */ = {isa = PBXBuildFile; fileRef = 6D8D8E332EF97C3600AC15D6 /* LegalDocuments.swift */; };
		6D8D8E362EF97C4700AC15D6 /* LegalConsentView.swift in Sources */ = {isa = PBXBuildFile; fileRef = 6D8D8E352EF97C4700AC15D6 /* LegalConsentView.swift */; };
		6D8D8E382EF9A97F00AC15D6 /* HealthEnums.swift in Sources */ = {isa = PBXBuildFile; fileRef = 6D8D8E372EF9A97F00AC15D6 /* HealthEnums.swift */; };
		6D8D8E3A2EFCCD4D00AC15D6 /* DayDetailSheet.swift in Sources */ = {isa = PBXBuildFile; fileRef = 6D8D8E392EFCCD4D00AC15D6 /* DayDetailSheet.swift */; };
		6D8D8E3C2F03DE3D00AC15D6 /* YearlyWeightPlaceholder.swift in Sources */ = {isa = PBXBuildFile; fileRef = 6D8D8E3B2F03DE3D00AC15D6 /* YearlyWeightPlaceholder.swift */; };
		6D8D8E3E2F03DE5600AC15D6 /* MonthlyWeightChart.swift in Sources */ = {isa = PBXBuildFile; fileRef = 6D8D8E3D2F03DE5600AC15D6 /* MonthlyWeightChart.swift */; };
		6D8D8E402F04223C00AC15D6 /* MonthlyBMIChart.swift in Sources */ = {isa = PBXBuildFile; fileRef = 6D8D8E3F2F04223C00AC15D6 /* MonthlyBMIChart.swift */; };
		6D8D8E422F04225300AC15D6 /* MonthlyHealthPieChart.swift in Sources */ = {isa = PBXBuildFile; fileRef = 6D8D8E412F04225300AC15D6 /* MonthlyHealthPieChart.swift */; };
		6D8D8E442F0428FB00AC15D6 /* YearlyWeightChart.swift in Sources */ = {isa = PBXBuildFile; fileRef = 6D8D8E432F0428FB00AC15D6 /* YearlyWeightChart.swift */; };
		6D8D8E462F04291800AC15D6 /* YearlyBMIChart.swift in Sources */ = {isa = PBXBuildFile; fileRef = 6D8D8E452F04291800AC15D6 /* YearlyBMIChart.swift */; };
		6D8D8E482F04292E00AC15D6 /* YearlyHealthPieChart.swift in Sources */ = {isa = PBXBuildFile; fileRef = 6D8D8E472F04292E00AC15D6 /* YearlyHealthPieChart.swift */; };
		6D8D8E4A2F04294600AC15D6 /* ChartsCommon.swift in Sources */ = {isa = PBXBuildFile; fileRef = 6D8D8E492F04294600AC15D6 /* ChartsCommon.swift */; };
		6D8D8E4C2F042F1A00AC15D6 /* HealthLevel5.swift in Sources */ = {isa = PBXBuildFile; fileRef = 6D8D8E4B2F042F1A00AC15D6 /* HealthLevel5.swift */; };
		6D8D8E4E2F04E93900AC15D6 /* CouponDetailView.swift in Sources */ = {isa = PBXBuildFile; fileRef = 6D8D8E4D2F04E93900AC15D6 /* CouponDetailView.swift */; };
		6D8D8E502F05829B00AC15D6 /* CouponRow.swift in Sources */ = {isa = PBXBuildFile; fileRef = 6D8D8E4F2F05829B00AC15D6 /* CouponRow.swift */; };
		6D8D8E542F05EF5C00AC15D6 /* InquiryHubView.swift in Sources */ = {isa = PBXBuildFile; fileRef = 6D8D8E532F05EF5C00AC15D6 /* InquiryHubView.swift */; };
		6D8D8E572F05EF8200AC15D6 /* CommunityView.swift in Sources */ = {isa = PBXBuildFile; fileRef = 6D8D8E562F05EF8200AC15D6 /* CommunityView.swift */; };
		6D930BE52EF80C6F00051AFC /* PostureMultiResultHubView.swift in Sources */ = {isa = PBXBuildFile; fileRef = 6D930BE42EF80C6F00051AFC /* PostureMultiResultHubView.swift */; };
		6D930BE72EF80EF500051AFC /* VoiceGuide.swift in Sources */ = {isa = PBXBuildFile; fileRef = 6D930BE62EF80EF500051AFC /* VoiceGuide.swift */; };
		6D930BE92EF8119C00051AFC /* PostureShotDirection.swift in Sources */ = {isa = PBXBuildFile; fileRef = 6D930BE82EF8119C00051AFC /* PostureShotDirection.swift */; };
		6D930BEB2EF824D500051AFC /* PostureMultiAnalysisVM.swift in Sources */ = {isa = PBXBuildFile; fileRef = 6D930BEA2EF824D500051AFC /* PostureMultiAnalysisVM.swift */; };
		6D930BED2EF824F300051AFC /* PostureMultiAnalysisView.swift in Sources */ = {isa = PBXBuildFile; fileRef = 6D930BEC2EF824F300051AFC /* PostureMultiAnalysisView.swift */; };
		6DA8DABC2EBB439E00DACEED /* Assets.xcassets in Resources */ = {isa = PBXBuildFile; fileRef = 6DA8DAB82EBB439E00DACEED /* Assets.xcassets */; };
		6DA8DABD2EBB439E00DACEED /* GoogleService-Info.plist in Resources */ = {isa = PBXBuildFile; fileRef = 6DA8DABA2EBB439E00DACEED /* GoogleService-Info.plist */; };
		6DA8DABE2EBB439E00DACEED /* CustomerAppState.swift in Sources */ = {isa = PBXBuildFile; fileRef = 6DA8DAB92EBB439E00DACEED /* CustomerAppState.swift */; };
		6DA8DABF2EBB439E00DACEED /* ShapeNoteCustomerApp.swift in Sources */ = {isa = PBXBuildFile; fileRef = 6DA8DABB2EBB439E00DACEED /* ShapeNoteCustomerApp.swift */; };
		6DA8DAC52EBB459900DACEED /* CouponListVM.swift in Sources */ = {isa = PBXBuildFile; fileRef = 6DA8DAC42EBB459900DACEED /* CouponListVM.swift */; };
		6DA8DAC72EBB45AA00DACEED /* CouponListView.swift in Sources */ = {isa = PBXBuildFile; fileRef = 6DA8DAC62EBB45AA00DACEED /* CouponListView.swift */; };
		6DCAB4982EB8FE8A00E7B0D8 /* ExerciseView.swift in Sources */ = {isa = PBXBuildFile; fileRef = 6DCAB4972EB8FE8A00E7B0D8 /* ExerciseView.swift */; };
		6DCAB49A2EB8FEA200E7B0D8 /* ExerciseViewModel.swift in Sources */ = {isa = PBXBuildFile; fileRef = 6DCAB4992EB8FEA200E7B0D8 /* ExerciseViewModel.swift */; };
		6DCAB49C2EB9071500E7B0D8 /* CollapsibleSectionView.swift in Sources */ = {isa = PBXBuildFile; fileRef = 6DCAB49B2EB9071500E7B0D8 /* CollapsibleSectionView.swift */; };
		6DCAB4AE2EB989A000E7B0D8 /* CollapsibleYouTubeSectionView.swift in Sources */ = {isa = PBXBuildFile; fileRef = 6DCAB4AD2EB989A000E7B0D8 /* CollapsibleYouTubeSectionView.swift */; };
		6DCAB4B02EB98A4500E7B0D8 /* ExerciseItemViewData.swift in Sources */ = {isa = PBXBuildFile; fileRef = 6DCAB4AF2EB98A4500E7B0D8 /* ExerciseItemViewData.swift */; };
		6DF019192EAC531300B0CC1B /* ShapeCore in Frameworks */ = {isa = PBXBuildFile; productRef = 6DF019182EAC531300B0CC1B /* ShapeCore */; };
		6DF01B262EB4436D00B0CC1B /* CalendarView.swift in Sources */ = {isa = PBXBuildFile; fileRef = 6DF01B172EB4436D00B0CC1B /* CalendarView.swift */; };
		6DF01B272EB4436D00B0CC1B /* ChatListView.swift in Sources */ = {isa = PBXBuildFile; fileRef = 6DF01B182EB4436D00B0CC1B /* ChatListView.swift */; };
		6DF01B282EB4436D00B0CC1B /* ContactConfirmView.swift in Sources */ = {isa = PBXBuildFile; fileRef = 6DF01B192EB4436D00B0CC1B /* ContactConfirmView.swift */; };
		6DF01B2A2EB4436D00B0CC1B /* CustomerLoginView.swift in Sources */ = {isa = PBXBuildFile; fileRef = 6DF01B1B2EB4436D00B0CC1B /* CustomerLoginView.swift */; };
		6DF01B2B2EB4436D00B0CC1B /* CustomerRootView.swift in Sources */ = {isa = PBXBuildFile; fileRef = 6DF01B1C2EB4436D00B0CC1B /* CustomerRootView.swift */; };
		6DF01B2C2EB4436D00B0CC1B /* ExerciseSheetView.swift in Sources */ = {isa = PBXBuildFile; fileRef = 6DF01B1D2EB4436D00B0CC1B /* ExerciseSheetView.swift */; };
		6DF01B2D2EB4436D00B0CC1B /* InfoContactView.swift in Sources */ = {isa = PBXBuildFile; fileRef = 6DF01B1F2EB4436D00B0CC1B /* InfoContactView.swift */; };
		6DF01B2E2EB4436D00B0CC1B /* MemberInfoView.swift in Sources */ = {isa = PBXBuildFile; fileRef = 6DF01B202EB4436D00B0CC1B /* MemberInfoView.swift */; };
		6DF01B2F2EB4436D00B0CC1B /* MembershipCardView.swift in Sources */ = {isa = PBXBuildFile; fileRef = 6DF01B212EB4436D00B0CC1B /* MembershipCardView.swift */; };
		6DF01B302EB4436D00B0CC1B /* MyPageView.swift in Sources */ = {isa = PBXBuildFile; fileRef = 6DF01B222EB4436D00B0CC1B /* MyPageView.swift */; };
		6DF01B332EB4436D00B0CC1B /* VersionInfoView.swift in Sources */ = {isa = PBXBuildFile; fileRef = 6DF01B252EB4436D00B0CC1B /* VersionInfoView.swift */; };
		6DF01B412EB4488500B0CC1B /* ContactItem.swift in Sources */ = {isa = PBXBuildFile; fileRef = 6DF01B402EB4488500B0CC1B /* ContactItem.swift */; };
		6DF01B432EB449A100B0CC1B /* ContactHistoryView.swift in Sources */ = {isa = PBXBuildFile; fileRef = 6DF01B422EB449A100B0CC1B /* ContactHistoryView.swift */; };
		6DF01B452EB44F0C00B0CC1B /* CustomerContactUnreadVM.swift in Sources */ = {isa = PBXBuildFile; fileRef = 6DF01B442EB44F0C00B0CC1B /* CustomerContactUnreadVM.swift */; };
		6DF01B482EB46D3800B0CC1B /* WeightInputSheet.swift in Sources */ = {isa = PBXBuildFile; fileRef = 6DF01B472EB46D3800B0CC1B /* WeightInputSheet.swift */; };
		6DF01B4A2EB46D5B00B0CC1B /* WeightManager.swift in Sources */ = {isa = PBXBuildFile; fileRef = 6DF01B492EB46D5B00B0CC1B /* WeightManager.swift */; };
		6DF01B4C2EB46D7300B0CC1B /* WeightChartView.swift in Sources */ = {isa = PBXBuildFile; fileRef = 6DF01B4B2EB46D7300B0CC1B /* WeightChartView.swift */; };
		6DF01B6E2EB5934B00B0CC1B /* CalendarGridView.swift in Sources */ = {isa = PBXBuildFile; fileRef = 6DF01B6D2EB5934B00B0CC1B /* CalendarGridView.swift */; };
		6DF01B702EB5936200B0CC1B /* WeightAnalysisView.swift in Sources */ = {isa = PBXBuildFile; fileRef = 6DF01B6F2EB5936200B0CC1B /* WeightAnalysisView.swift */; };
/* End PBXBuildFile section */

/* Begin PBXFileReference section */
		6D0FBFB92EBA255B004C4970 /* CustomerRegisterView.swift */ = {isa = PBXFileReference; lastKnownFileType = sourcecode.swift; path = CustomerRegisterView.swift; sourceTree = "<group>"; };
		6D37D1862EB63824003CE780 /* ChatRoomView.swift */ = {isa = PBXFileReference; lastKnownFileType = sourcecode.swift; path = ChatRoomView.swift; sourceTree = "<group>"; };
		6D37D1882EB6384B003CE780 /* ChatRoomVM.swift */ = {isa = PBXFileReference; lastKnownFileType = sourcecode.swift; path = ChatRoomVM.swift; sourceTree = "<group>"; };
		6D37D1C92EB74A5A003CE780 /* ProfileImageVM.swift */ = {isa = PBXFileReference; lastKnownFileType = sourcecode.swift; path = ProfileImageVM.swift; sourceTree = "<group>"; };
		6D37D1CB2EB75642003CE780 /* ImagePicker.swift */ = {isa = PBXFileReference; lastKnownFileType = sourcecode.swift; path = ImagePicker.swift; sourceTree = "<group>"; };
		6D4AA9032EC5C26A004EEBBA /* PhotoCaptureDelegate.swift */ = {isa = PBXFileReference; lastKnownFileType = sourcecode.swift; path = PhotoCaptureDelegate.swift; sourceTree = "<group>"; };
		6D4AA9052EC5C284004EEBBA /* PostureAnalysisFlowView.swift */ = {isa = PBXFileReference; lastKnownFileType = sourcecode.swift; path = PostureAnalysisFlowView.swift; sourceTree = "<group>"; };
		6D4AA9072EC5C4A8004EEBBA /* CameraPreview.swift */ = {isa = PBXFileReference; lastKnownFileType = sourcecode.swift; path = CameraPreview.swift; sourceTree = "<group>"; };
		6D4DE4612EAA5DC5003B9894 /* ShapeNoteCustomer.app */ = {isa = PBXFileReference; explicitFileType = wrapper.application; includeInIndex = 0; path = ShapeNoteCustomer.app; sourceTree = BUILT_PRODUCTS_DIR; };
		6D7D65F82EC1B7B0003D1943 /* ExerciseExplainListView.swift */ = {isa = PBXFileReference; lastKnownFileType = sourcecode.swift; path = ExerciseExplainListView.swift; sourceTree = "<group>"; };
		6D7D65FA2EC1B7C3003D1943 /* ExerciseExplainDetailView.swift */ = {isa = PBXFileReference; lastKnownFileType = sourcecode.swift; path = ExerciseExplainDetailView.swift; sourceTree = "<group>"; };
		6D7D65FC2EC1C244003D1943 /* VisitHistoryView.swift */ = {isa = PBXFileReference; lastKnownFileType = sourcecode.swift; path = VisitHistoryView.swift; sourceTree = "<group>"; };
		6D7D65FE2EC1E7E0003D1943 /* VisitHistoryItem.swift */ = {isa = PBXFileReference; lastKnownFileType = sourcecode.swift; path = VisitHistoryItem.swift; sourceTree = "<group>"; };
		6D7D66062EC33140003D1943 /* PostureAnalysisCameraView.swift */ = {isa = PBXFileReference; lastKnownFileType = sourcecode.swift; path = PostureAnalysisCameraView.swift; sourceTree = "<group>"; };
		6D7D660A2EC345AD003D1943 /* PostureAnalyzer.swift */ = {isa = PBXFileReference; lastKnownFileType = sourcecode.swift; path = PostureAnalyzer.swift; sourceTree = "<group>"; };
		6D7D660C2EC345C7003D1943 /* PostureResultView.swift */ = {isa = PBXFileReference; lastKnownFileType = sourcecode.swift; path = PostureResultView.swift; sourceTree = "<group>"; };
		6D87638C2EC77B4500BD89CA /* GlassButton.swift */ = {isa = PBXFileReference; lastKnownFileType = sourcecode.swift; path = GlassButton.swift; sourceTree = "<group>"; };
		6D87638E2EC77B5300BD89CA /* CircleCountdown.swift */ = {isa = PBXFileReference; lastKnownFileType = sourcecode.swift; path = CircleCountdown.swift; sourceTree = "<group>"; };
		6D8763902EC77B5D00BD89CA /* GuideStepCard.swift */ = {isa = PBXFileReference; lastKnownFileType = sourcecode.swift; path = GuideStepCard.swift; sourceTree = "<group>"; };
		6D8763922EC77B7200BD89CA /* CameraGuideOverlay.swift */ = {isa = PBXFileReference; lastKnownFileType = sourcecode.swift; path = CameraGuideOverlay.swift; sourceTree = "<group>"; };
		6D8763942EC77FE800BD89CA /* ProgressRing.swift */ = {isa = PBXFileReference; lastKnownFileType = sourcecode.swift; path = ProgressRing.swift; sourceTree = "<group>"; };
		6D8763962EC7820200BD89CA /* ReportGenerator.swift */ = {isa = PBXFileReference; lastKnownFileType = sourcecode.swift; path = ReportGenerator.swift; sourceTree = "<group>"; };
		6D8763982EC7837200BD89CA /* ReportData.swift */ = {isa = PBXFileReference; lastKnownFileType = sourcecode.swift; path = ReportData.swift; sourceTree = "<group>"; };
		6D87639A2EC8753300BD89CA /* PostureCaptureConfirmView.swift */ = {isa = PBXFileReference; lastKnownFileType = sourcecode.swift; path = PostureCaptureConfirmView.swift; sourceTree = "<group>"; };
		6D8763A02EC8859A00BD89CA /* PostureCameraVM.swift */ = {isa = PBXFileReference; lastKnownFileType = sourcecode.swift; path = PostureCameraVM.swift; sourceTree = "<group>"; };
		6D8763A22EC885A400BD89CA /* PostureFlowVM.swift */ = {isa = PBXFileReference; lastKnownFileType = sourcecode.swift; path = PostureFlowVM.swift; sourceTree = "<group>"; };
		6D8763A42EC88C5C00BD89CA /* PhotoCaptureHandler.swift */ = {isa = PBXFileReference; lastKnownFileType = sourcecode.swift; path = PhotoCaptureHandler.swift; sourceTree = "<group>"; };
		6D8763A82EC896F600BD89CA /* PostureCameraFlowView.swift */ = {isa = PBXFileReference; lastKnownFileType = sourcecode.swift; path = PostureCameraFlowView.swift; sourceTree = "<group>"; };
		6D8763AA2EC8D40100BD89CA /* PostureAnalysisEntryView.swift */ = {isa = PBXFileReference; lastKnownFileType = sourcecode.swift; path = PostureAnalysisEntryView.swift; sourceTree = "<group>"; };
		6D8763AD2EC8E73300BD89CA /* PostureCaptureGuideView.swift */ = {isa = PBXFileReference; lastKnownFileType = sourcecode.swift; path = PostureCaptureGuideView.swift; sourceTree = "<group>"; };
		6D8D8E242EF8F11A00AC15D6 /* ShareSheet.swift */ = {isa = PBXFileReference; lastKnownFileType = sourcecode.swift; path = ShareSheet.swift; sourceTree = "<group>"; };
		6D8D8E262EF8F14700AC15D6 /* PostureReportRenderView.swift */ = {isa = PBXFileReference; lastKnownFileType = sourcecode.swift; path = PostureReportRenderView.swift; sourceTree = "<group>"; };
		6D8D8E292EF8F76700AC15D6 /* PhotoSaver.swift */ = {isa = PBXFileReference; lastKnownFileType = sourcecode.swift; path = PhotoSaver.swift; sourceTree = "<group>"; };
		6D8D8E2B2EF8FC1A00AC15D6 /* FeatureFlags.swift */ = {isa = PBXFileReference; lastKnownFileType = sourcecode.swift; path = FeatureFlags.swift; sourceTree = "<group>"; };
		6D8D8E2D2EF8FC3000AC15D6 /* ComingSoonOverlay.swift */ = {isa = PBXFileReference; lastKnownFileType = sourcecode.swift; path = ComingSoonOverlay.swift; sourceTree = "<group>"; };
		6D8D8E2F2EF979F100AC15D6 /* LegalVersions.swift */ = {isa = PBXFileReference; lastKnownFileType = sourcecode.swift; path = LegalVersions.swift; sourceTree = "<group>"; };
		6D8D8E312EF97A1200AC15D6 /* LegalAgreementView.swift */ = {isa = PBXFileReference; lastKnownFileType = sourcecode.swift; path = LegalAgreementView.swift; sourceTree = "<group>"; };
		6D8D8E332EF97C3600AC15D6 /* LegalDocuments.swift */ = {isa = PBXFileReference; lastKnownFileType = sourcecode.swift; path = LegalDocuments.swift; sourceTree = "<group>"; };
		6D8D8E352EF97C4700AC15D6 /* LegalConsentView.swift */ = {isa = PBXFileReference; lastKnownFileType = sourcecode.swift; path = LegalConsentView.swift; sourceTree = "<group>"; };
		6D8D8E372EF9A97F00AC15D6 /* HealthEnums.swift */ = {isa = PBXFileReference; lastKnownFileType = sourcecode.swift; path = HealthEnums.swift; sourceTree = "<group>"; };
		6D8D8E392EFCCD4D00AC15D6 /* DayDetailSheet.swift */ = {isa = PBXFileReference; lastKnownFileType = sourcecode.swift; path = DayDetailSheet.swift; sourceTree = "<group>"; };
		6D8D8E3B2F03DE3D00AC15D6 /* YearlyWeightPlaceholder.swift */ = {isa = PBXFileReference; lastKnownFileType = sourcecode.swift; path = YearlyWeightPlaceholder.swift; sourceTree = "<group>"; };
		6D8D8E3D2F03DE5600AC15D6 /* MonthlyWeightChart.swift */ = {isa = PBXFileReference; lastKnownFileType = sourcecode.swift; path = MonthlyWeightChart.swift; sourceTree = "<group>"; };
		6D8D8E3F2F04223C00AC15D6 /* MonthlyBMIChart.swift */ = {isa = PBXFileReference; lastKnownFileType = sourcecode.swift; path = MonthlyBMIChart.swift; sourceTree = "<group>"; };
		6D8D8E412F04225300AC15D6 /* MonthlyHealthPieChart.swift */ = {isa = PBXFileReference; lastKnownFileType = sourcecode.swift; path = MonthlyHealthPieChart.swift; sourceTree = "<group>"; };
		6D8D8E432F0428FB00AC15D6 /* YearlyWeightChart.swift */ = {isa = PBXFileReference; lastKnownFileType = sourcecode.swift; path = YearlyWeightChart.swift; sourceTree = "<group>"; };
		6D8D8E452F04291800AC15D6 /* YearlyBMIChart.swift */ = {isa = PBXFileReference; lastKnownFileType = sourcecode.swift; path = YearlyBMIChart.swift; sourceTree = "<group>"; };
		6D8D8E472F04292E00AC15D6 /* YearlyHealthPieChart.swift */ = {isa = PBXFileReference; lastKnownFileType = sourcecode.swift; path = YearlyHealthPieChart.swift; sourceTree = "<group>"; };
		6D8D8E492F04294600AC15D6 /* ChartsCommon.swift */ = {isa = PBXFileReference; lastKnownFileType = sourcecode.swift; path = ChartsCommon.swift; sourceTree = "<group>"; };
		6D8D8E4B2F042F1A00AC15D6 /* HealthLevel5.swift */ = {isa = PBXFileReference; lastKnownFileType = sourcecode.swift; path = HealthLevel5.swift; sourceTree = "<group>"; };
		6D8D8E4D2F04E93900AC15D6 /* CouponDetailView.swift */ = {isa = PBXFileReference; lastKnownFileType = sourcecode.swift; path = CouponDetailView.swift; sourceTree = "<group>"; };
		6D8D8E4F2F05829B00AC15D6 /* CouponRow.swift */ = {isa = PBXFileReference; lastKnownFileType = sourcecode.swift; path = CouponRow.swift; sourceTree = "<group>"; };
		6D8D8E532F05EF5C00AC15D6 /* InquiryHubView.swift */ = {isa = PBXFileReference; lastKnownFileType = sourcecode.swift; path = InquiryHubView.swift; sourceTree = "<group>"; };
		6D8D8E562F05EF8200AC15D6 /* CommunityView.swift */ = {isa = PBXFileReference; lastKnownFileType = sourcecode.swift; path = CommunityView.swift; sourceTree = "<group>"; };
		6D930BE42EF80C6F00051AFC /* PostureMultiResultHubView.swift */ = {isa = PBXFileReference; lastKnownFileType = sourcecode.swift; path = PostureMultiResultHubView.swift; sourceTree = "<group>"; };
		6D930BE62EF80EF500051AFC /* VoiceGuide.swift */ = {isa = PBXFileReference; lastKnownFileType = sourcecode.swift; path = VoiceGuide.swift; sourceTree = "<group>"; };
		6D930BE82EF8119C00051AFC /* PostureShotDirection.swift */ = {isa = PBXFileReference; lastKnownFileType = sourcecode.swift; path = PostureShotDirection.swift; sourceTree = "<group>"; };
		6D930BEA2EF824D500051AFC /* PostureMultiAnalysisVM.swift */ = {isa = PBXFileReference; lastKnownFileType = sourcecode.swift; path = PostureMultiAnalysisVM.swift; sourceTree = "<group>"; };
		6D930BEC2EF824F300051AFC /* PostureMultiAnalysisView.swift */ = {isa = PBXFileReference; lastKnownFileType = sourcecode.swift; path = PostureMultiAnalysisView.swift; sourceTree = "<group>"; };
		6DA8DAB82EBB439E00DACEED /* Assets.xcassets */ = {isa = PBXFileReference; lastKnownFileType = folder.assetcatalog; path = Assets.xcassets; sourceTree = "<group>"; };
		6DA8DAB92EBB439E00DACEED /* CustomerAppState.swift */ = {isa = PBXFileReference; lastKnownFileType = sourcecode.swift; path = CustomerAppState.swift; sourceTree = "<group>"; };
		6DA8DABA2EBB439E00DACEED /* GoogleService-Info.plist */ = {isa = PBXFileReference; lastKnownFileType = text.plist.xml; path = "GoogleService-Info.plist"; sourceTree = "<group>"; };
		6DA8DABB2EBB439E00DACEED /* ShapeNoteCustomerApp.swift */ = {isa = PBXFileReference; lastKnownFileType = sourcecode.swift; path = ShapeNoteCustomerApp.swift; sourceTree = "<group>"; };
		6DA8DAC42EBB459900DACEED /* CouponListVM.swift */ = {isa = PBXFileReference; lastKnownFileType = sourcecode.swift; path = CouponListVM.swift; sourceTree = "<group>"; };
		6DA8DAC62EBB45AA00DACEED /* CouponListView.swift */ = {isa = PBXFileReference; lastKnownFileType = sourcecode.swift; path = CouponListView.swift; sourceTree = "<group>"; };
		6DCAB4972EB8FE8A00E7B0D8 /* ExerciseView.swift */ = {isa = PBXFileReference; lastKnownFileType = sourcecode.swift; path = ExerciseView.swift; sourceTree = "<group>"; };
		6DCAB4992EB8FEA200E7B0D8 /* ExerciseViewModel.swift */ = {isa = PBXFileReference; lastKnownFileType = sourcecode.swift; path = ExerciseViewModel.swift; sourceTree = "<group>"; };
		6DCAB49B2EB9071500E7B0D8 /* CollapsibleSectionView.swift */ = {isa = PBXFileReference; lastKnownFileType = sourcecode.swift; path = CollapsibleSectionView.swift; sourceTree = "<group>"; };
		6DCAB4AD2EB989A000E7B0D8 /* CollapsibleYouTubeSectionView.swift */ = {isa = PBXFileReference; lastKnownFileType = sourcecode.swift; path = CollapsibleYouTubeSectionView.swift; sourceTree = "<group>"; };
		6DCAB4AF2EB98A4500E7B0D8 /* ExerciseItemViewData.swift */ = {isa = PBXFileReference; lastKnownFileType = sourcecode.swift; path = ExerciseItemViewData.swift; sourceTree = "<group>"; };
		6DF01B172EB4436D00B0CC1B /* CalendarView.swift */ = {isa = PBXFileReference; lastKnownFileType = sourcecode.swift; path = CalendarView.swift; sourceTree = "<group>"; };
		6DF01B182EB4436D00B0CC1B /* ChatListView.swift */ = {isa = PBXFileReference; lastKnownFileType = sourcecode.swift; path = ChatListView.swift; sourceTree = "<group>"; };
		6DF01B192EB4436D00B0CC1B /* ContactConfirmView.swift */ = {isa = PBXFileReference; lastKnownFileType = sourcecode.swift; path = ContactConfirmView.swift; sourceTree = "<group>"; };
		6DF01B1B2EB4436D00B0CC1B /* CustomerLoginView.swift */ = {isa = PBXFileReference; lastKnownFileType = sourcecode.swift; path = CustomerLoginView.swift; sourceTree = "<group>"; };
		6DF01B1C2EB4436D00B0CC1B /* CustomerRootView.swift */ = {isa = PBXFileReference; lastKnownFileType = sourcecode.swift; path = CustomerRootView.swift; sourceTree = "<group>"; };
		6DF01B1D2EB4436D00B0CC1B /* ExerciseSheetView.swift */ = {isa = PBXFileReference; lastKnownFileType = sourcecode.swift; path = ExerciseSheetView.swift; sourceTree = "<group>"; };
		6DF01B1F2EB4436D00B0CC1B /* InfoContactView.swift */ = {isa = PBXFileReference; lastKnownFileType = sourcecode.swift; path = InfoContactView.swift; sourceTree = "<group>"; };
		6DF01B202EB4436D00B0CC1B /* MemberInfoView.swift */ = {isa = PBXFileReference; lastKnownFileType = sourcecode.swift; path = MemberInfoView.swift; sourceTree = "<group>"; };
		6DF01B212EB4436D00B0CC1B /* MembershipCardView.swift */ = {isa = PBXFileReference; lastKnownFileType = sourcecode.swift; path = MembershipCardView.swift; sourceTree = "<group>"; };
		6DF01B222EB4436D00B0CC1B /* MyPageView.swift */ = {isa = PBXFileReference; lastKnownFileType = sourcecode.swift; path = MyPageView.swift; sourceTree = "<group>"; };
		6DF01B252EB4436D00B0CC1B /* VersionInfoView.swift */ = {isa = PBXFileReference; lastKnownFileType = sourcecode.swift; path = VersionInfoView.swift; sourceTree = "<group>"; };
		6DF01B402EB4488500B0CC1B /* ContactItem.swift */ = {isa = PBXFileReference; lastKnownFileType = sourcecode.swift; path = ContactItem.swift; sourceTree = "<group>"; };
		6DF01B422EB449A100B0CC1B /* ContactHistoryView.swift */ = {isa = PBXFileReference; lastKnownFileType = sourcecode.swift; path = ContactHistoryView.swift; sourceTree = "<group>"; };
		6DF01B442EB44F0C00B0CC1B /* CustomerContactUnreadVM.swift */ = {isa = PBXFileReference; lastKnownFileType = sourcecode.swift; path = CustomerContactUnreadVM.swift; sourceTree = "<group>"; };
		6DF01B472EB46D3800B0CC1B /* WeightInputSheet.swift */ = {isa = PBXFileReference; lastKnownFileType = sourcecode.swift; path = WeightInputSheet.swift; sourceTree = "<group>"; };
		6DF01B492EB46D5B00B0CC1B /* WeightManager.swift */ = {isa = PBXFileReference; lastKnownFileType = sourcecode.swift; path = WeightManager.swift; sourceTree = "<group>"; };
		6DF01B4B2EB46D7300B0CC1B /* WeightChartView.swift */ = {isa = PBXFileReference; lastKnownFileType = sourcecode.swift; path = WeightChartView.swift; sourceTree = "<group>"; };
		6DF01B6D2EB5934B00B0CC1B /* CalendarGridView.swift */ = {isa = PBXFileReference; lastKnownFileType = sourcecode.swift; path = CalendarGridView.swift; sourceTree = "<group>"; };
		6DF01B6F2EB5936200B0CC1B /* WeightAnalysisView.swift */ = {isa = PBXFileReference; lastKnownFileType = sourcecode.swift; path = WeightAnalysisView.swift; sourceTree = "<group>"; };
		D51A3B7A5E34E0DFD69292E9 /* Pods_ShapeNoteCustomer.framework */ = {isa = PBXFileReference; explicitFileType = wrapper.framework; includeInIndex = 0; path = Pods_ShapeNoteCustomer.framework; sourceTree = BUILT_PRODUCTS_DIR; };
/* End PBXFileReference section */

/* Begin PBXFrameworksBuildPhase section */
		6D4DE45E2EAA5DC5003B9894 /* Frameworks */ = {
			isa = PBXFrameworksBuildPhase;
			buildActionMask = 2147483647;
			files = (
				6D37D1A02EB670D9003CE780 /* FirebaseAnalytics in Frameworks */,
				6D85E77C2EAA7C3300C36129 /* FirebaseAuth in Frameworks */,
				6D85E77E2EAA7C3300C36129 /* FirebaseCore in Frameworks */,
				6D85E7802EAA7C3300C36129 /* FirebaseFirestore in Frameworks */,
				6DF019192EAC531300B0CC1B /* ShapeCore in Frameworks */,
				6D37D1A82EB670D9003CE780 /* FirebaseStorage in Frameworks */,
			);
			runOnlyForDeploymentPostprocessing = 0;
		};
/* End PBXFrameworksBuildPhase section */

/* Begin PBXGroup section */
		6D4DE4582EAA5DC5003B9894 = {
			isa = PBXGroup;
			children = (
				6D8D8E282EF8F74500AC15D6 /* Utilities */,
				6DF01B3E2EB446E700B0CC1B /* Views */,
				6DF01B3F2EB4470A00B0CC1B /* Models */,
				6DA8DABB2EBB439E00DACEED /* ShapeNoteCustomerApp.swift */,
				6DA8DABA2EBB439E00DACEED /* GoogleService-Info.plist */,
				6DA8DAB82EBB439E00DACEED /* Assets.xcassets */,
				6D4DE4622EAA5DC5003B9894 /* Products */,
				720887A9D9D1ABE81536C6A6 /* Frameworks */,
			);
			sourceTree = "<group>";
		};
		6D4DE4622EAA5DC5003B9894 /* Products */ = {
			isa = PBXGroup;
			children = (
				6D4DE4612EAA5DC5003B9894 /* ShapeNoteCustomer.app */,
			);
			name = Products;
			sourceTree = "<group>";
		};
		6D87639C2EC883DF00BD89CA /* Camera */ = {
			isa = PBXGroup;
			children = (
				6D4AA9072EC5C4A8004EEBBA /* CameraPreview.swift */,
				6D7D66062EC33140003D1943 /* PostureAnalysisCameraView.swift */,
				6D4AA9032EC5C26A004EEBBA /* PhotoCaptureDelegate.swift */,
				6D8763A02EC8859A00BD89CA /* PostureCameraVM.swift */,
				6D8763A42EC88C5C00BD89CA /* PhotoCaptureHandler.swift */,
				6D8763A82EC896F600BD89CA /* PostureCameraFlowView.swift */,
				6D8763AA2EC8D40100BD89CA /* PostureAnalysisEntryView.swift */,
				6D930BE62EF80EF500051AFC /* VoiceGuide.swift */,
			);
			path = Camera;
			sourceTree = "<group>";
		};
		6D87639D2EC8841100BD89CA /* Confirm */ = {
			isa = PBXGroup;
			children = (
				6D87639A2EC8753300BD89CA /* PostureCaptureConfirmView.swift */,
			);
			path = Confirm;
			sourceTree = "<group>";
		};
		6D87639E2EC8842000BD89CA /* Flow */ = {
			isa = PBXGroup;
			children = (
				6D4AA9052EC5C284004EEBBA /* PostureAnalysisFlowView.swift */,
				6D7D660C2EC345C7003D1943 /* PostureResultView.swift */,
				6D7D660A2EC345AD003D1943 /* PostureAnalyzer.swift */,
				6D8763982EC7837200BD89CA /* ReportData.swift */,
				6D8763A22EC885A400BD89CA /* PostureFlowVM.swift */,
			);
			path = Flow;
			sourceTree = "<group>";
		};
		6D87639F2EC8845900BD89CA /* Router */ = {
			isa = PBXGroup;
			children = (
			);
			path = Router;
			sourceTree = "<group>";
		};
		6D8763AC2EC8E72100BD89CA /* Guide */ = {
			isa = PBXGroup;
			children = (
				6D8763AD2EC8E73300BD89CA /* PostureCaptureGuideView.swift */,
			);
			path = Guide;
			sourceTree = "<group>";
		};
		6D8D8E282EF8F74500AC15D6 /* Utilities */ = {
			isa = PBXGroup;
			children = (
				6D8D8E292EF8F76700AC15D6 /* PhotoSaver.swift */,
				6D8D8E2B2EF8FC1A00AC15D6 /* FeatureFlags.swift */,
				6D8D8E2F2EF979F100AC15D6 /* LegalVersions.swift */,
				6D8D8E332EF97C3600AC15D6 /* LegalDocuments.swift */,
				6D8D8E352EF97C4700AC15D6 /* LegalConsentView.swift */,
				6D8D8E372EF9A97F00AC15D6 /* HealthEnums.swift */,
			);
			path = Utilities;
			sourceTree = "<group>";
		};
		6D8D8E552F05EF7100AC15D6 /* Community */ = {
			isa = PBXGroup;
			children = (
				6D8D8E562F05EF8200AC15D6 /* CommunityView.swift */,
			);
			path = Community;
			sourceTree = "<group>";
		};
		6D930BEE2EF8258400051AFC /* Multi */ = {
			isa = PBXGroup;
			children = (
				6D930BEA2EF824D500051AFC /* PostureMultiAnalysisVM.swift */,
				6D930BEC2EF824F300051AFC /* PostureMultiAnalysisView.swift */,
				6D930BE42EF80C6F00051AFC /* PostureMultiResultHubView.swift */,
				6D930BE82EF8119C00051AFC /* PostureShotDirection.swift */,
				6D8D8E262EF8F14700AC15D6 /* PostureReportRenderView.swift */,
			);
			path = Multi;
			sourceTree = "<group>";
		};
		6DA8DAC82EBB4B8E00DACEED /* Chat */ = {
			isa = PBXGroup;
			children = (
				6DF01B182EB4436D00B0CC1B /* ChatListView.swift */,
				6D37D1862EB63824003CE780 /* ChatRoomView.swift */,
				6D37D1882EB6384B003CE780 /* ChatRoomVM.swift */,
			);
			path = Chat;
			sourceTree = "<group>";
		};
		6DA8DAC92EBB4BAE00DACEED /* Exercise */ = {
			isa = PBXGroup;
			children = (
				6DF01B1D2EB4436D00B0CC1B /* ExerciseSheetView.swift */,
				6DCAB4972EB8FE8A00E7B0D8 /* ExerciseView.swift */,
				6DCAB4992EB8FEA200E7B0D8 /* ExerciseViewModel.swift */,
				6DCAB4AF2EB98A4500E7B0D8 /* ExerciseItemViewData.swift */,
				6DCAB49B2EB9071500E7B0D8 /* CollapsibleSectionView.swift */,
				6DCAB4AD2EB989A000E7B0D8 /* CollapsibleYouTubeSectionView.swift */,
				6D7D65F82EC1B7B0003D1943 /* ExerciseExplainListView.swift */,
				6D7D65FA2EC1B7C3003D1943 /* ExerciseExplainDetailView.swift */,
			);
			path = Exercise;
			sourceTree = "<group>";
		};
		6DA8DACA2EBB4BD600DACEED /* Coupon */ = {
			isa = PBXGroup;
			children = (
				6DA8DAC42EBB459900DACEED /* CouponListVM.swift */,
				6DA8DAC62EBB45AA00DACEED /* CouponListView.swift */,
				6D8D8E4D2F04E93900AC15D6 /* CouponDetailView.swift */,
				6D8D8E4F2F05829B00AC15D6 /* CouponRow.swift */,
			);
			path = Coupon;
			sourceTree = "<group>";
		};
		6DA8DACB2EBB4BEF00DACEED /* Contact */ = {
			isa = PBXGroup;
			children = (
				6DF01B192EB4436D00B0CC1B /* ContactConfirmView.swift */,
				6DF01B1F2EB4436D00B0CC1B /* InfoContactView.swift */,
				6DF01B422EB449A100B0CC1B /* ContactHistoryView.swift */,
				6D8D8E532F05EF5C00AC15D6 /* InquiryHubView.swift */,
			);
			path = Contact;
			sourceTree = "<group>";
		};
		6DA8DACC2EBB4C0B00DACEED /* Account */ = {
			isa = PBXGroup;
			children = (
				6DF01B202EB4436D00B0CC1B /* MemberInfoView.swift */,
				6DF01B212EB4436D00B0CC1B /* MembershipCardView.swift */,
				6DF01B222EB4436D00B0CC1B /* MyPageView.swift */,
				6DF01B1B2EB4436D00B0CC1B /* CustomerLoginView.swift */,
				6D0FBFB92EBA255B004C4970 /* CustomerRegisterView.swift */,
				6D7D65FC2EC1C244003D1943 /* VisitHistoryView.swift */,
				6D7D65FE2EC1E7E0003D1943 /* VisitHistoryItem.swift */,
			);
			path = Account;
			sourceTree = "<group>";
		};
		6DA8DACD2EBB4C2D00DACEED /* PostureAnalysis */ = {
			isa = PBXGroup;
			children = (
				6D930BEE2EF8258400051AFC /* Multi */,
				6D8763AC2EC8E72100BD89CA /* Guide */,
				6D87639F2EC8845900BD89CA /* Router */,
				6D87639E2EC8842000BD89CA /* Flow */,
				6D87639D2EC8841100BD89CA /* Confirm */,
				6D87639C2EC883DF00BD89CA /* Camera */,
			);
			path = PostureAnalysis;
			sourceTree = "<group>";
		};
		6DA8DACE2EBB4C3A00DACEED /* Components */ = {
			isa = PBXGroup;
			children = (
				6DF01B252EB4436D00B0CC1B /* VersionInfoView.swift */,
				6D37D1C92EB74A5A003CE780 /* ProfileImageVM.swift */,
				6D37D1CB2EB75642003CE780 /* ImagePicker.swift */,
				6D87638C2EC77B4500BD89CA /* GlassButton.swift */,
				6D87638E2EC77B5300BD89CA /* CircleCountdown.swift */,
				6D8763902EC77B5D00BD89CA /* GuideStepCard.swift */,
				6D8763922EC77B7200BD89CA /* CameraGuideOverlay.swift */,
				6D8763942EC77FE800BD89CA /* ProgressRing.swift */,
				6D8763962EC7820200BD89CA /* ReportGenerator.swift */,
				6D8D8E242EF8F11A00AC15D6 /* ShareSheet.swift */,
				6D8D8E2D2EF8FC3000AC15D6 /* ComingSoonOverlay.swift */,
				6D8D8E312EF97A1200AC15D6 /* LegalAgreementView.swift */,
			);
			path = Components;
			sourceTree = "<group>";
		};
		6DA8DACF2EBB4C6200DACEED /* Root */ = {
			isa = PBXGroup;
			children = (
				6DF01B1C2EB4436D00B0CC1B /* CustomerRootView.swift */,
				6DA8DAB92EBB439E00DACEED /* CustomerAppState.swift */,
			);
			path = Root;
			sourceTree = "<group>";
		};
		6DF01B3E2EB446E700B0CC1B /* Views */ = {
			isa = PBXGroup;
			children = (
				6D8D8E552F05EF7100AC15D6 /* Community */,
				6DA8DACF2EBB4C6200DACEED /* Root */,
				6DA8DACE2EBB4C3A00DACEED /* Components */,
				6DA8DACD2EBB4C2D00DACEED /* PostureAnalysis */,
				6DA8DACC2EBB4C0B00DACEED /* Account */,
				6DA8DACB2EBB4BEF00DACEED /* Contact */,
				6DF01B462EB46C9600B0CC1B /* Calendar */,
				6DA8DACA2EBB4BD600DACEED /* Coupon */,
				6DA8DAC92EBB4BAE00DACEED /* Exercise */,
				6DA8DAC82EBB4B8E00DACEED /* Chat */,
				6DF01B442EB44F0C00B0CC1B /* CustomerContactUnreadVM.swift */,
			);
			path = Views;
			sourceTree = "<group>";
		};
		6DF01B3F2EB4470A00B0CC1B /* Models */ = {
			isa = PBXGroup;
			children = (
				6DF01B402EB4488500B0CC1B /* ContactItem.swift */,
			);
			path = Models;
			sourceTree = "<group>";
		};
		6DF01B462EB46C9600B0CC1B /* Calendar */ = {
			isa = PBXGroup;
			children = (
				6DF01B172EB4436D00B0CC1B /* CalendarView.swift */,
				6DF01B472EB46D3800B0CC1B /* WeightInputSheet.swift */,
				6DF01B492EB46D5B00B0CC1B /* WeightManager.swift */,
				6DF01B6D2EB5934B00B0CC1B /* CalendarGridView.swift */,
				6DF01B6F2EB5936200B0CC1B /* WeightAnalysisView.swift */,
				6DF01B4B2EB46D7300B0CC1B /* WeightChartView.swift */,
				6D8D8E392EFCCD4D00AC15D6 /* DayDetailSheet.swift */,
				6D8D8E3B2F03DE3D00AC15D6 /* YearlyWeightPlaceholder.swift */,
				6D8D8E3D2F03DE5600AC15D6 /* MonthlyWeightChart.swift */,
				6D8D8E3F2F04223C00AC15D6 /* MonthlyBMIChart.swift */,
				6D8D8E412F04225300AC15D6 /* MonthlyHealthPieChart.swift */,
				6D8D8E432F0428FB00AC15D6 /* YearlyWeightChart.swift */,
				6D8D8E452F04291800AC15D6 /* YearlyBMIChart.swift */,
				6D8D8E472F04292E00AC15D6 /* YearlyHealthPieChart.swift */,
				6D8D8E492F04294600AC15D6 /* ChartsCommon.swift */,
				6D8D8E4B2F042F1A00AC15D6 /* HealthLevel5.swift */,
			);
			path = Calendar;
			sourceTree = "<group>";
		};
		720887A9D9D1ABE81536C6A6 /* Frameworks */ = {
			isa = PBXGroup;
			children = (
				D51A3B7A5E34E0DFD69292E9 /* Pods_ShapeNoteCustomer.framework */,
			);
			name = Frameworks;
			sourceTree = "<group>";
		};
/* End PBXGroup section */

/* Begin PBXNativeTarget section */
		6D4DE4602EAA5DC5003B9894 /* ShapeNoteCustomer */ = {
			isa = PBXNativeTarget;
			buildConfigurationList = 6D4DE46C2EAA5DC5003B9894 /* Build configuration list for PBXNativeTarget "ShapeNoteCustomer" */;
			buildPhases = (
				6D4DE45D2EAA5DC5003B9894 /* Sources */,
				6D4DE45E2EAA5DC5003B9894 /* Frameworks */,
				6D4DE45F2EAA5DC5003B9894 /* Resources */,
			);
			buildRules = (
			);
			dependencies = (
			);
			name = ShapeNoteCustomer;
			productName = ShapeNoteCustomer;
			productReference = 6D4DE4612EAA5DC5003B9894 /* ShapeNoteCustomer.app */;
			productType = "com.apple.product-type.application";
		};
/* End PBXNativeTarget section */

/* Begin PBXProject section */
		6D4DE4592EAA5DC5003B9894 /* Project object */ = {
			isa = PBXProject;
			attributes = {
				BuildIndependentTargetsInParallel = 1;
				LastSwiftUpdateCheck = 2600;
				LastUpgradeCheck = 2600;
				TargetAttributes = {
					6D4DE4602EAA5DC5003B9894 = {
						CreatedOnToolsVersion = 26.0.1;
					};
				};
			};
			buildConfigurationList = 6D4DE45C2EAA5DC5003B9894 /* Build configuration list for PBXProject "ShapeNoteCustomer" */;
			developmentRegion = en;
			hasScannedForEncodings = 0;
			knownRegions = (
				en,
				Base,
			);
			mainGroup = 6D4DE4582EAA5DC5003B9894;
			minimizedProjectReferenceProxies = 1;
			packageReferences = (
				6DF019172EAC531300B0CC1B /* XCLocalSwiftPackageReference "../ShapeCore" */,
				6D37D19E2EB670D9003CE780 /* XCRemoteSwiftPackageReference "firebase-ios-sdk" */,
			);
			preferredProjectObjectVersion = 77;
			productRefGroup = 6D4DE4622EAA5DC5003B9894 /* Products */;
			projectDirPath = "";
			projectRoot = "";
			targets = (
				6D4DE4602EAA5DC5003B9894 /* ShapeNoteCustomer */,
			);
		};
/* End PBXProject section */

/* Begin PBXResourcesBuildPhase section */
		6D4DE45F2EAA5DC5003B9894 /* Resources */ = {
			isa = PBXResourcesBuildPhase;
			buildActionMask = 2147483647;
			files = (
				6DA8DABC2EBB439E00DACEED /* Assets.xcassets in Resources */,
				6DA8DABD2EBB439E00DACEED /* GoogleService-Info.plist in Resources */,
			);
			runOnlyForDeploymentPostprocessing = 0;
		};
/* End PBXResourcesBuildPhase section */

/* Begin PBXSourcesBuildPhase section */
		6D4DE45D2EAA5DC5003B9894 /* Sources */ = {
			isa = PBXSourcesBuildPhase;
			buildActionMask = 2147483647;
			files = (
				6D8D8E2A2EF8F76700AC15D6 /* PhotoSaver.swift in Sources */,
				6DF01B412EB4488500B0CC1B /* ContactItem.swift in Sources */,
				6D930BE72EF80EF500051AFC /* VoiceGuide.swift in Sources */,
				6DF01B262EB4436D00B0CC1B /* CalendarView.swift in Sources */,
				6D87638D2EC77B4500BD89CA /* GlassButton.swift in Sources */,
				6DF01B272EB4436D00B0CC1B /* ChatListView.swift in Sources */,
				6D8D8E2C2EF8FC1A00AC15D6 /* FeatureFlags.swift in Sources */,
				6D930BED2EF824F300051AFC /* PostureMultiAnalysisView.swift in Sources */,
				6D8D8E3A2EFCCD4D00AC15D6 /* DayDetailSheet.swift in Sources */,
				6D930BEB2EF824D500051AFC /* PostureMultiAnalysisVM.swift in Sources */,
				6D8763AB2EC8D40100BD89CA /* PostureAnalysisEntryView.swift in Sources */,
				6D8763912EC77B5D00BD89CA /* GuideStepCard.swift in Sources */,
				6DF01B4A2EB46D5B00B0CC1B /* WeightManager.swift in Sources */,
				6DF01B282EB4436D00B0CC1B /* ContactConfirmView.swift in Sources */,
				6DF01B6E2EB5934B00B0CC1B /* CalendarGridView.swift in Sources */,
				6D930BE92EF8119C00051AFC /* PostureShotDirection.swift in Sources */,
				6DF01B4C2EB46D7300B0CC1B /* WeightChartView.swift in Sources */,
				6D0FBFBA2EBA255B004C4970 /* CustomerRegisterView.swift in Sources */,
				6D7D660B2EC345AD003D1943 /* PostureAnalyzer.swift in Sources */,
				6D8763952EC77FE800BD89CA /* ProgressRing.swift in Sources */,
				6DF01B2A2EB4436D00B0CC1B /* CustomerLoginView.swift in Sources */,
				6DCAB49C2EB9071500E7B0D8 /* CollapsibleSectionView.swift in Sources */,
				6DF01B2B2EB4436D00B0CC1B /* CustomerRootView.swift in Sources */,
				6DF01B2C2EB4436D00B0CC1B /* ExerciseSheetView.swift in Sources */,
				6D8763AE2EC8E73300BD89CA /* PostureCaptureGuideView.swift in Sources */,
				6D7D660D2EC345C7003D1943 /* PostureResultView.swift in Sources */,
				6DCAB4982EB8FE8A00E7B0D8 /* ExerciseView.swift in Sources */,
				6DF01B482EB46D3800B0CC1B /* WeightInputSheet.swift in Sources */,
				6D37D1CC2EB75642003CE780 /* ImagePicker.swift in Sources */,
				6DF01B2D2EB4436D00B0CC1B /* InfoContactView.swift in Sources */,
				6D8763A12EC8859A00BD89CA /* PostureCameraVM.swift in Sources */,
				6DA8DAC52EBB459900DACEED /* CouponListVM.swift in Sources */,
				6DF01B2E2EB4436D00B0CC1B /* MemberInfoView.swift in Sources */,
				6D8763992EC7837200BD89CA /* ReportData.swift in Sources */,
				6DF01B2F2EB4436D00B0CC1B /* MembershipCardView.swift in Sources */,
				6D7D65FD2EC1C244003D1943 /* VisitHistoryView.swift in Sources */,
				6D8D8E272EF8F14700AC15D6 /* PostureReportRenderView.swift in Sources */,
				6D8D8E402F04223C00AC15D6 /* MonthlyBMIChart.swift in Sources */,
				6DF01B452EB44F0C00B0CC1B /* CustomerContactUnreadVM.swift in Sources */,
				6D8D8E252EF8F11A00AC15D6 /* ShareSheet.swift in Sources */,
				6DF01B302EB4436D00B0CC1B /* MyPageView.swift in Sources */,
				6DA8DABE2EBB439E00DACEED /* CustomerAppState.swift in Sources */,
				6D8D8E3C2F03DE3D00AC15D6 /* YearlyWeightPlaceholder.swift in Sources */,
				6D930BE52EF80C6F00051AFC /* PostureMultiResultHubView.swift in Sources */,
				6D87638F2EC77B5300BD89CA /* CircleCountdown.swift in Sources */,
				6DA8DAC72EBB45AA00DACEED /* CouponListView.swift in Sources */,
				6DA8DABF2EBB439E00DACEED /* ShapeNoteCustomerApp.swift in Sources */,
				6D7D65FF2EC1E7E0003D1943 /* VisitHistoryItem.swift in Sources */,
				6D8D8E362EF97C4700AC15D6 /* LegalConsentView.swift in Sources */,
				6D8D8E482F04292E00AC15D6 /* YearlyHealthPieChart.swift in Sources */,
				6DF01B702EB5936200B0CC1B /* WeightAnalysisView.swift in Sources */,
				6D8763A52EC88C5C00BD89CA /* PhotoCaptureHandler.swift in Sources */,
				6D8D8E572F05EF8200AC15D6 /* CommunityView.swift in Sources */,
				6D4AA9082EC5C4A8004EEBBA /* CameraPreview.swift in Sources */,
				6D8D8E322EF97A1200AC15D6 /* LegalAgreementView.swift in Sources */,
				6D8D8E382EF9A97F00AC15D6 /* HealthEnums.swift in Sources */,
				6D7D65FB2EC1B7C3003D1943 /* ExerciseExplainDetailView.swift in Sources */,
				6D7D65F92EC1B7B0003D1943 /* ExerciseExplainListView.swift in Sources */,
				6D37D1892EB6384B003CE780 /* ChatRoomVM.swift in Sources */,
				6D8D8E4C2F042F1A00AC15D6 /* HealthLevel5.swift in Sources */,
				6D8763972EC7820200BD89CA /* ReportGenerator.swift in Sources */,
				6D8D8E4A2F04294600AC15D6 /* ChartsCommon.swift in Sources */,
				6D8763932EC77B7200BD89CA /* CameraGuideOverlay.swift in Sources */,
				6D8763A32EC885A400BD89CA /* PostureFlowVM.swift in Sources */,
				6D4AA9062EC5C284004EEBBA /* PostureAnalysisFlowView.swift in Sources */,
				6D8D8E462F04291800AC15D6 /* YearlyBMIChart.swift in Sources */,
				6D8D8E342EF97C3600AC15D6 /* LegalDocuments.swift in Sources */,
				6D8D8E502F05829B00AC15D6 /* CouponRow.swift in Sources */,
				6DF01B432EB449A100B0CC1B /* ContactHistoryView.swift in Sources */,
				6D87639B2EC8753300BD89CA /* PostureCaptureConfirmView.swift in Sources */,
				6DCAB4B02EB98A4500E7B0D8 /* ExerciseItemViewData.swift in Sources */,
				6D8D8E4E2F04E93900AC15D6 /* CouponDetailView.swift in Sources */,
				6DF01B332EB4436D00B0CC1B /* VersionInfoView.swift in Sources */,
				6D37D1872EB63824003CE780 /* ChatRoomView.swift in Sources */,
				6D8D8E442F0428FB00AC15D6 /* YearlyWeightChart.swift in Sources */,
				6DCAB4AE2EB989A000E7B0D8 /* CollapsibleYouTubeSectionView.swift in Sources */,
				6D8D8E3E2F03DE5600AC15D6 /* MonthlyWeightChart.swift in Sources */,
				6D7D66072EC33140003D1943 /* PostureAnalysisCameraView.swift in Sources */,
				6D8D8E542F05EF5C00AC15D6 /* InquiryHubView.swift in Sources */,
				6D8D8E422F04225300AC15D6 /* MonthlyHealthPieChart.swift in Sources */,
				6DCAB49A2EB8FEA200E7B0D8 /* ExerciseViewModel.swift in Sources */,
				6D37D1CA2EB74A5A003CE780 /* ProfileImageVM.swift in Sources */,
				6D8D8E302EF979F100AC15D6 /* LegalVersions.swift in Sources */,
				6D4AA9042EC5C26A004EEBBA /* PhotoCaptureDelegate.swift in Sources */,
				6D8763A92EC896F600BD89CA /* PostureCameraFlowView.swift in Sources */,
				6D8D8E2E2EF8FC3000AC15D6 /* ComingSoonOverlay.swift in Sources */,
			);
			runOnlyForDeploymentPostprocessing = 0;
		};
/* End PBXSourcesBuildPhase section */

/* Begin XCBuildConfiguration section */
		6D4DE46A2EAA5DC5003B9894 /* Debug */ = {
			isa = XCBuildConfiguration;
			buildSettings = {
				ALWAYS_SEARCH_USER_PATHS = NO;
				ASSETCATALOG_COMPILER_GENERATE_SWIFT_ASSET_SYMBOL_EXTENSIONS = YES;
				CLANG_ANALYZER_NONNULL = YES;
				CLANG_ANALYZER_NUMBER_OBJECT_CONVERSION = YES_AGGRESSIVE;
				CLANG_CXX_LANGUAGE_STANDARD = "gnu++20";
				CLANG_ENABLE_MODULES = YES;
				CLANG_ENABLE_OBJC_ARC = YES;
				CLANG_ENABLE_OBJC_WEAK = YES;
				CLANG_WARN_BLOCK_CAPTURE_AUTORELEASING = YES;
				CLANG_WARN_BOOL_CONVERSION = YES;
				CLANG_WARN_COMMA = YES;
				CLANG_WARN_CONSTANT_CONVERSION = YES;
				CLANG_WARN_DEPRECATED_OBJC_IMPLEMENTATIONS = YES;
				CLANG_WARN_DIRECT_OBJC_ISA_USAGE = YES_ERROR;
				CLANG_WARN_DOCUMENTATION_COMMENTS = YES;
				CLANG_WARN_EMPTY_BODY = YES;
				CLANG_WARN_ENUM_CONVERSION = YES;
				CLANG_WARN_INFINITE_RECURSION = YES;
				CLANG_WARN_INT_CONVERSION = YES;
				CLANG_WARN_NON_LITERAL_NULL_CONVERSION = YES;
				CLANG_WARN_OBJC_IMPLICIT_RETAIN_SELF = YES;
				CLANG_WARN_OBJC_LITERAL_CONVERSION = YES;
				CLANG_WARN_OBJC_ROOT_CLASS = YES_ERROR;
				CLANG_WARN_QUOTED_INCLUDE_IN_FRAMEWORK_HEADER = YES;
				CLANG_WARN_RANGE_LOOP_ANALYSIS = YES;
				CLANG_WARN_STRICT_PROTOTYPES = YES;
				CLANG_WARN_SUSPICIOUS_MOVE = YES;
				CLANG_WARN_UNGUARDED_AVAILABILITY = YES_AGGRESSIVE;
				CLANG_WARN_UNREACHABLE_CODE = YES;
				CLANG_WARN__DUPLICATE_METHOD_MATCH = YES;
				COPY_PHASE_STRIP = NO;
				DEBUG_INFORMATION_FORMAT = dwarf;
				DEVELOPMENT_TEAM = 6AMX386ZAJ;
				ENABLE_STRICT_OBJC_MSGSEND = YES;
				ENABLE_TESTABILITY = YES;
				ENABLE_USER_SCRIPT_SANDBOXING = YES;
				GCC_C_LANGUAGE_STANDARD = gnu17;
				GCC_DYNAMIC_NO_PIC = NO;
				GCC_NO_COMMON_BLOCKS = YES;
				GCC_OPTIMIZATION_LEVEL = 0;
				GCC_PREPROCESSOR_DEFINITIONS = (
					"DEBUG=1",
					"$(inherited)",
				);
				GCC_WARN_64_TO_32_BIT_CONVERSION = YES;
				GCC_WARN_ABOUT_RETURN_TYPE = YES_ERROR;
				GCC_WARN_UNDECLARED_SELECTOR = YES;
				GCC_WARN_UNINITIALIZED_AUTOS = YES_AGGRESSIVE;
				GCC_WARN_UNUSED_FUNCTION = YES;
				GCC_WARN_UNUSED_VARIABLE = YES;
				IPHONEOS_DEPLOYMENT_TARGET = 26.0;
				LOCALIZATION_PREFERS_STRING_CATALOGS = YES;
				MTL_ENABLE_DEBUG_INFO = INCLUDE_SOURCE;
				MTL_FAST_MATH = YES;
				ONLY_ACTIVE_ARCH = YES;
				SDKROOT = iphoneos;
				SWIFT_ACTIVE_COMPILATION_CONDITIONS = "DEBUG $(inherited)";
				SWIFT_OPTIMIZATION_LEVEL = "-Onone";
			};
			name = Debug;
		};
		6D4DE46B2EAA5DC5003B9894 /* Release */ = {
			isa = XCBuildConfiguration;
			buildSettings = {
				ALWAYS_SEARCH_USER_PATHS = NO;
				ASSETCATALOG_COMPILER_GENERATE_SWIFT_ASSET_SYMBOL_EXTENSIONS = YES;
				CLANG_ANALYZER_NONNULL = YES;
				CLANG_ANALYZER_NUMBER_OBJECT_CONVERSION = YES_AGGRESSIVE;
				CLANG_CXX_LANGUAGE_STANDARD = "gnu++20";
				CLANG_ENABLE_MODULES = YES;
				CLANG_ENABLE_OBJC_ARC = YES;
				CLANG_ENABLE_OBJC_WEAK = YES;
				CLANG_WARN_BLOCK_CAPTURE_AUTORELEASING = YES;
				CLANG_WARN_BOOL_CONVERSION = YES;
				CLANG_WARN_COMMA = YES;
				CLANG_WARN_CONSTANT_CONVERSION = YES;
				CLANG_WARN_DEPRECATED_OBJC_IMPLEMENTATIONS = YES;
				CLANG_WARN_DIRECT_OBJC_ISA_USAGE = YES_ERROR;
				CLANG_WARN_DOCUMENTATION_COMMENTS = YES;
				CLANG_WARN_EMPTY_BODY = YES;
				CLANG_WARN_ENUM_CONVERSION = YES;
				CLANG_WARN_INFINITE_RECURSION = YES;
				CLANG_WARN_INT_CONVERSION = YES;
				CLANG_WARN_NON_LITERAL_NULL_CONVERSION = YES;
				CLANG_WARN_OBJC_IMPLICIT_RETAIN_SELF = YES;
				CLANG_WARN_OBJC_LITERAL_CONVERSION = YES;
				CLANG_WARN_OBJC_ROOT_CLASS = YES_ERROR;
				CLANG_WARN_QUOTED_INCLUDE_IN_FRAMEWORK_HEADER = YES;
				CLANG_WARN_RANGE_LOOP_ANALYSIS = YES;
				CLANG_WARN_STRICT_PROTOTYPES = YES;
				CLANG_WARN_SUSPICIOUS_MOVE = YES;
				CLANG_WARN_UNGUARDED_AVAILABILITY = YES_AGGRESSIVE;
				CLANG_WARN_UNREACHABLE_CODE = YES;
				CLANG_WARN__DUPLICATE_METHOD_MATCH = YES;
				COPY_PHASE_STRIP = NO;
				DEBUG_INFORMATION_FORMAT = "dwarf-with-dsym";
				DEVELOPMENT_TEAM = 6AMX386ZAJ;
				ENABLE_NS_ASSERTIONS = NO;
				ENABLE_STRICT_OBJC_MSGSEND = YES;
				ENABLE_USER_SCRIPT_SANDBOXING = YES;
				GCC_C_LANGUAGE_STANDARD = gnu17;
				GCC_NO_COMMON_BLOCKS = YES;
				GCC_WARN_64_TO_32_BIT_CONVERSION = YES;
				GCC_WARN_ABOUT_RETURN_TYPE = YES_ERROR;
				GCC_WARN_UNDECLARED_SELECTOR = YES;
				GCC_WARN_UNINITIALIZED_AUTOS = YES_AGGRESSIVE;
				GCC_WARN_UNUSED_FUNCTION = YES;
				GCC_WARN_UNUSED_VARIABLE = YES;
				IPHONEOS_DEPLOYMENT_TARGET = 26.0;
				LOCALIZATION_PREFERS_STRING_CATALOGS = YES;
				MTL_ENABLE_DEBUG_INFO = NO;
				MTL_FAST_MATH = YES;
				SDKROOT = iphoneos;
				SWIFT_COMPILATION_MODE = wholemodule;
				VALIDATE_PRODUCT = YES;
			};
			name = Release;
		};
		6D4DE46D2EAA5DC5003B9894 /* Debug */ = {
			isa = XCBuildConfiguration;
			buildSettings = {
				ASSETCATALOG_COMPILER_APPICON_NAME = AppIcon;
				ASSETCATALOG_COMPILER_GLOBAL_ACCENT_COLOR_NAME = AccentColor;
				CODE_SIGN_STYLE = Automatic;
				CURRENT_PROJECT_VERSION = 1;
				DEVELOPMENT_TEAM = 6AMX386ZAJ;
				ENABLE_PREVIEWS = YES;
				GENERATE_INFOPLIST_FILE = YES;
				INFOPLIST_KEY_NSCameraUsageDescription = "AI姿勢分析のためにカメラを使用します。";
				INFOPLIST_KEY_NSPhotoLibraryAddUsageDescription = "姿勢分析レポートを写真アプリへ保存するために使用します。";
				INFOPLIST_KEY_UIApplicationSceneManifest_Generation = YES;
				INFOPLIST_KEY_UIApplicationSupportsIndirectInputEvents = YES;
				INFOPLIST_KEY_UILaunchScreen_Generation = YES;
				INFOPLIST_KEY_UISupportedInterfaceOrientations_iPad = "UIInterfaceOrientationPortrait UIInterfaceOrientationPortraitUpsideDown UIInterfaceOrientationLandscapeLeft UIInterfaceOrientationLandscapeRight";
				INFOPLIST_KEY_UISupportedInterfaceOrientations_iPhone = "UIInterfaceOrientationPortrait UIInterfaceOrientationLandscapeLeft UIInterfaceOrientationLandscapeRight";
				IPHONEOS_DEPLOYMENT_TARGET = 17.6;
				LD_RUNPATH_SEARCH_PATHS = (
					"$(inherited)",
					"@executable_path/Frameworks",
				);
				MARKETING_VERSION = 1.0;
				PRODUCT_BUNDLE_IDENTIFIER = com.noriakisakauchi.ShapeNoteCustomer;
				PRODUCT_NAME = "$(TARGET_NAME)";
				STRING_CATALOG_GENERATE_SYMBOLS = YES;
				SWIFT_APPROACHABLE_CONCURRENCY = YES;
				SWIFT_DEFAULT_ACTOR_ISOLATION = MainActor;
				SWIFT_EMIT_LOC_STRINGS = YES;
				SWIFT_UPCOMING_FEATURE_MEMBER_IMPORT_VISIBILITY = YES;
				SWIFT_VERSION = 5.0;
				TARGETED_DEVICE_FAMILY = "1,2";
			};
			name = Debug;
		};
		6D4DE46E2EAA5DC5003B9894 /* Release */ = {
			isa = XCBuildConfiguration;
			buildSettings = {
				ASSETCATALOG_COMPILER_APPICON_NAME = AppIcon;
				ASSETCATALOG_COMPILER_GLOBAL_ACCENT_COLOR_NAME = AccentColor;
				CODE_SIGN_STYLE = Automatic;
				CURRENT_PROJECT_VERSION = 1;
				DEVELOPMENT_TEAM = 6AMX386ZAJ;
				ENABLE_PREVIEWS = YES;
				GENERATE_INFOPLIST_FILE = YES;
				INFOPLIST_KEY_NSCameraUsageDescription = "AI姿勢分析のためにカメラを使用します。";
				INFOPLIST_KEY_NSPhotoLibraryAddUsageDescription = "姿勢分析レポートを写真アプリへ保存するために使用します。";
				INFOPLIST_KEY_UIApplicationSceneManifest_Generation = YES;
				INFOPLIST_KEY_UIApplicationSupportsIndirectInputEvents = YES;
				INFOPLIST_KEY_UILaunchScreen_Generation = YES;
				INFOPLIST_KEY_UISupportedInterfaceOrientations_iPad = "UIInterfaceOrientationPortrait UIInterfaceOrientationPortraitUpsideDown UIInterfaceOrientationLandscapeLeft UIInterfaceOrientationLandscapeRight";
				INFOPLIST_KEY_UISupportedInterfaceOrientations_iPhone = "UIInterfaceOrientationPortrait UIInterfaceOrientationLandscapeLeft UIInterfaceOrientationLandscapeRight";
				IPHONEOS_DEPLOYMENT_TARGET = 17.6;
				LD_RUNPATH_SEARCH_PATHS = (
					"$(inherited)",
					"@executable_path/Frameworks",
				);
				MARKETING_VERSION = 1.0;
				PRODUCT_BUNDLE_IDENTIFIER = com.noriakisakauchi.ShapeNoteCustomer;
				PRODUCT_NAME = "$(TARGET_NAME)";
				STRING_CATALOG_GENERATE_SYMBOLS = YES;
				SWIFT_APPROACHABLE_CONCURRENCY = YES;
				SWIFT_DEFAULT_ACTOR_ISOLATION = MainActor;
				SWIFT_EMIT_LOC_STRINGS = YES;
				SWIFT_UPCOMING_FEATURE_MEMBER_IMPORT_VISIBILITY = YES;
				SWIFT_VERSION = 5.0;
				TARGETED_DEVICE_FAMILY = "1,2";
			};
			name = Release;
		};
/* End XCBuildConfiguration section */

/* Begin XCConfigurationList section */
		6D4DE45C2EAA5DC5003B9894 /* Build configuration list for PBXProject "ShapeNoteCustomer" */ = {
			isa = XCConfigurationList;
			buildConfigurations = (
				6D4DE46A2EAA5DC5003B9894 /* Debug */,
				6D4DE46B2EAA5DC5003B9894 /* Release */,
			);
			defaultConfigurationIsVisible = 0;
			defaultConfigurationName = Release;
		};
		6D4DE46C2EAA5DC5003B9894 /* Build configuration list for PBXNativeTarget "ShapeNoteCustomer" */ = {
			isa = XCConfigurationList;
			buildConfigurations = (
				6D4DE46D2EAA5DC5003B9894 /* Debug */,
				6D4DE46E2EAA5DC5003B9894 /* Release */,
			);
			defaultConfigurationIsVisible = 0;
			defaultConfigurationName = Release;
		};
/* End XCConfigurationList section */

/* Begin XCLocalSwiftPackageReference section */
		6DF019172EAC531300B0CC1B /* XCLocalSwiftPackageReference "../ShapeCore" */ = {
			isa = XCLocalSwiftPackageReference;
			relativePath = ../ShapeCore;
		};
/* End XCLocalSwiftPackageReference section */

/* Begin XCRemoteSwiftPackageReference section */
		6D37D19E2EB670D9003CE780 /* XCRemoteSwiftPackageReference "firebase-ios-sdk" */ = {
			isa = XCRemoteSwiftPackageReference;
			repositoryURL = "https://github.com/firebase/firebase-ios-sdk.git";
			requirement = {
				kind = upToNextMajorVersion;
				minimumVersion = 12.5.0;
			};
		};
		6D85E7782EAA7C3300C36129 /* XCRemoteSwiftPackageReference "firebase-ios-sdk" */ = {
			isa = XCRemoteSwiftPackageReference;
			repositoryURL = "https://github.com/firebase/firebase-ios-sdk.git";
			requirement = {
				kind = upToNextMajorVersion;
				minimumVersion = 12.4.0;
			};
		};
/* End XCRemoteSwiftPackageReference section */

/* Begin XCSwiftPackageProductDependency section */
		6D37D19F2EB670D9003CE780 /* FirebaseAnalytics */ = {
			isa = XCSwiftPackageProductDependency;
			package = 6D37D19E2EB670D9003CE780 /* XCRemoteSwiftPackageReference "firebase-ios-sdk" */;
			productName = FirebaseAnalytics;
		};
		6D37D1A72EB670D9003CE780 /* FirebaseStorage */ = {
			isa = XCSwiftPackageProductDependency;
			package = 6D37D19E2EB670D9003CE780 /* XCRemoteSwiftPackageReference "firebase-ios-sdk" */;
			productName = FirebaseStorage;
		};
		6D85E77B2EAA7C3300C36129 /* FirebaseAuth */ = {
			isa = XCSwiftPackageProductDependency;
			package = 6D85E7782EAA7C3300C36129 /* XCRemoteSwiftPackageReference "firebase-ios-sdk" */;
			productName = FirebaseAuth;
		};
		6D85E77D2EAA7C3300C36129 /* FirebaseCore */ = {
			isa = XCSwiftPackageProductDependency;
			package = 6D85E7782EAA7C3300C36129 /* XCRemoteSwiftPackageReference "firebase-ios-sdk" */;
			productName = FirebaseCore;
		};
		6D85E77F2EAA7C3300C36129 /* FirebaseFirestore */ = {
			isa = XCSwiftPackageProductDependency;
			package = 6D85E7782EAA7C3300C36129 /* XCRemoteSwiftPackageReference "firebase-ios-sdk" */;
			productName = FirebaseFirestore;
		};
		6DF019182EAC531300B0CC1B /* ShapeCore */ = {
			isa = XCSwiftPackageProductDependency;
			productName = ShapeCore;
		};
/* End XCSwiftPackageProductDependency section */
	};
	rootObject = 6D4DE4592EAA5DC5003B9894 /* Project object */;
}
